{
  "name": "rewalk",
  "version": "0.1.0",
  "lockfileVersion": 3,
  "requires": true,
  "packages": {
    "": {
      "name": "rewalk",
      "version": "0.1.0",
      "hasInstallScript": true,
      "bin": {
        "rewalk": "bin/rewalk.mjs"
      },
      "engines": {
        "node": ">=18"
      }
    }
  }
}
