{
  "name": "web-qa",
  "version": "0.1.0",
  "lockfileVersion": 3,
  "requires": true,
  "packages": {
    "": {
      "name": "web-qa",
      "version": "0.1.0",
      "hasInstallScript": true,
      "license": "MIT",
      "dependencies": {
        "playwright": "^1.62.1",
        "rrweb": "^2.1.1",
        "rrweb-player": "^2.1.1"
      },
      "engines": {
        "node": ">=18"
      }
    },
    "node_modules/@rrweb/packer": {
      "version": "2.1.1",
      "resolved": "https://registry.npmjs.org/@rrweb/packer/-/packer-2.1.1.tgz",
      "integrity": "sha512-xPGT7/Cfn1yHD2MOwQhX/8yTvNculurUxPT6ZKXVW8Wh/LI7Jn19L+e8PYKFhj/M89uwNeoTr6hiUQxgb8SMzQ==",
      "license": "MIT",
      "dependencies": {
        "@rrweb/types": "^2.1.1",
        "fflate": "^0.4.4"
      }
    },
    "node_modules/@rrweb/replay": {
      "version": "2.1.1",
      "resolved": "https://registry.npmjs.org/@rrweb/replay/-/replay-2.1.1.tgz",
      "integrity": "sha512-jq64eyJvrh/ioBS1MpDrs/Lj+7QY2TW4xGxp4g4LJKdltSkqMjMbUmhTDcpzaEDZt66S0gasGcgqCulsksSXnw==",
      "license": "MIT",
      "dependencies": {
        "@rrweb/types": "^2.1.1",
        "rrweb": "^2.1.1"
      }
    },
    "node_modules/@rrweb/types": {
      "version": "2.1.1",
      "resolved": "https://registry.npmjs.org/@rrweb/types/-/types-2.1.1.tgz",
      "integrity": "sha512-g0I3nCNL1S7slDXwhunxOuOoswkY8WVZJQrPFiwixOc6xoD514d1JLTuyAzCKIox8g/PaLKtV5g31Uk42inQSQ==",
      "license": "MIT"
    },
    "node_modules/@rrweb/utils": {
      "version": "2.1.1",
      "resolved": "https://registry.npmjs.org/@rrweb/utils/-/utils-2.1.1.tgz",
      "integrity": "sha512-x2SgJAD3YJ9eVcLZ5l6OqWMtczdA3VfS5XqPeqpZdQgV9oh6Id5GK2cDN4bimnkqryOcIJdz8cTvV0yNvqQ+nA==",
      "license": "MIT"
    },
    "node_modules/@tsconfig/svelte": {
      "version": "1.0.13",
      "resolved": "https://registry.npmjs.org/@tsconfig/svelte/-/svelte-1.0.13.tgz",
      "integrity": "sha512-5lYJP45Xllo4yE/RUBccBT32eBlRDbqN8r1/MIvQbKxW3aFqaYPCNgm8D5V20X4ShHcwvYWNlKg3liDh1MlBoA==",
      "license": "MIT"
    },
    "node_modules/@types/css-font-loading-module": {
      "version": "0.0.7",
      "resolved": "https://registry.npmjs.org/@types/css-font-loading-module/-/css-font-loading-module-0.0.7.tgz",
      "integrity": "sha512-nl09VhutdjINdWyXxHWN/w9zlNCfr60JUqJbd24YXUuCwgeL0TpFSdElCwb6cxfB6ybE19Gjj4g0jsgkXxKv1Q==",
      "license": "MIT"
    },
    "node_modules/@xstate/fsm": {
      "version": "1.6.5",
      "resolved": "https://registry.npmjs.org/@xstate/fsm/-/fsm-1.6.5.tgz",
      "integrity": "sha512-b5o1I6aLNeYlU/3CPlj/Z91ybk1gUsKT+5NAJI+2W4UjvS5KLG28K9v5UvNoFVjHV8PajVZ00RH3vnjyQO7ZAw==",
      "license": "MIT"
    },
    "node_modules/base64-arraybuffer": {
      "version": "1.0.2",
      "resolved": "https://registry.npmjs.org/base64-arraybuffer/-/base64-arraybuffer-1.0.2.tgz",
      "integrity": "sha512-I3yl4r9QB5ZRY3XuJVEPfc2XhZO6YweFPI+UovAzn+8/hb3oJ6lnysaFcjVpkCPfVWFUDvoZ8kmVDP7WyRtYtQ==",
      "license": "MIT",
      "engines": {
        "node": ">= 0.6.0"
      }
    },
    "node_modules/fflate": {
      "version": "0.4.9",
      "resolved": "https://registry.npmjs.org/fflate/-/fflate-0.4.9.tgz",
      "integrity": "sha512-zdxgIEddhfsyCaWpJ2SdXEP8ZMrKJ6+5jl4OupODcywU0IhRk6gdXuVGcPICyfx2H97hVK7xmJtRLPjkxAX8Vw==",
      "license": "MIT"
    },
    "node_modules/fsevents": {
      "version": "2.3.2",
      "resolved": "https://registry.npmjs.org/fsevents/-/fsevents-2.3.2.tgz",
      "integrity": "sha512-xiqMQR4xAeHTuB9uWm+fFRcIOgKBMiOBP+eXiyT7jsgVCq1bkVygt00oASowB7EdtpOHaaPgKt812P9ab+DDKA==",
      "hasInstallScript": true,
      "license": "MIT",
      "optional": true,
      "os": [
        "darwin"
      ],
      "engines": {
        "node": "^8.16.0 || ^10.6.0 || >=11.0.0"
      }
    },
    "node_modules/mitt": {
      "version": "3.0.1",
      "resolved": "https://registry.npmjs.org/mitt/-/mitt-3.0.1.tgz",
      "integrity": "sha512-vKivATfr97l2/QBCYAkXYDbrIWPM2IIKEl7YPhjCvKlG3kE2gm+uBo6nEXK3M5/Ffh/FLpKExzOQ3JJoJGFKBw==",
      "license": "MIT"
    },
    "node_modules/nanoid": {
      "version": "3.3.18",
      "resolved": "https://registry.npmjs.org/nanoid/-/nanoid-3.3.18.tgz",
      "integrity": "sha512-DTg4MJbGMWkfi6VZFdNt2/caMbQy4Ou+Op/hJQvGEWcnVfoA1QA+xzRKAzw9jD6+GVOOeYr/mIcuDSdug6F6+w==",
      "funding": [
        {
          "type": "github",
          "url": "https://github.com/sponsors/ai"
        }
      ],
      "license": "MIT",
      "bin": {
        "nanoid": "bin/nanoid.cjs"
      },
      "engines": {
        "node": "^10 || ^12 || ^13.7 || ^14 || >=15.0.1"
      }
    },
    "node_modules/picocolors": {
      "version": "1.1.1",
      "resolved": "https://registry.npmjs.org/picocolors/-/picocolors-1.1.1.tgz",
      "integrity": "sha512-xceH2snhtb5M9liqDsmEw56le376mTZkEX/jEb/RxNFyegNul7eNslCXP9FDj/Lcu0X8KEyMceP2ntpaHrDEVA==",
      "license": "ISC"
    },
    "node_modules/playwright": {
      "version": "1.62.1",
      "resolved": "https://registry.npmjs.org/playwright/-/playwright-1.62.1.tgz",
      "integrity": "sha512-0M+L3LAD8/nm554LOla9Ayx0j0tmFZ0FBcoQ7F1VuVHpM/XpiC8RcDzBQB8W5+hA8L22THxELzeF+2WcUzvcLg==",
      "license": "Apache-2.0",
      "dependencies": {
        "playwright-core": "1.62.1"
      },
      "bin": {
        "playwright": "cli.js"
      },
      "engines": {
        "node": ">=20"
      },
      "optionalDependencies": {
        "fsevents": "2.3.2"
      }
    },
    "node_modules/playwright-core": {
      "version": "1.62.1",
      "resolved": "https://registry.npmjs.org/playwright-core/-/playwright-core-1.62.1.tgz",
      "integrity": "sha512-wPYSwEBJY9GHraISXqyqtx0na0LpO3XEX7jNDhntbex7tzUS7kLnZsOlFruFJB4Hi/rhDMjXGqHewDZ68nYZVw==",
      "license": "Apache-2.0",
      "bin": {
        "playwright-core": "cli.js"
      },
      "engines": {
        "node": ">=20"
      }
    },
    "node_modules/postcss": {
      "version": "8.5.26",
      "resolved": "https://registry.npmjs.org/postcss/-/postcss-8.5.26.tgz",
      "integrity": "sha512-u82N74LFzG8ca+dD8puPnplTXoGH4fTPpVGuIbt36G3qvNlkvfD0lEAZSxaly3KX8TS/L1A1gsCEmvKmBcVbkQ==",
      "funding": [
        {
          "type": "opencollective",
          "url": "https://opencollective.com/postcss/"
        },
        {
          "type": "tidelift",
          "url": "https://tidelift.com/funding/github/npm/postcss"
        },
        {
          "type": "github",
          "url": "https://github.com/sponsors/ai"
        }
      ],
      "license": "MIT",
      "dependencies": {
        "nanoid": "^3.3.17",
        "picocolors": "^1.1.1",
        "source-map-js": "^1.2.1"
      },
      "engines": {
        "node": "^10 || ^12 || >=14"
      }
    },
    "node_modules/rrdom": {
      "version": "2.1.1",
      "resolved": "https://registry.npmjs.org/rrdom/-/rrdom-2.1.1.tgz",
      "integrity": "sha512-VBkTF3bGNqcZjqnbo/gKi9GVQPIxiG0dofw7CQdAZQFQ2juJdt2YKIf3oS9QudL8HTpGh9bz5TUN+3amBn1Geg==",
      "license": "MIT",
      "dependencies": {
        "rrweb-snapshot": "^2.1.1"
      }
    },
    "node_modules/rrweb": {
      "version": "2.1.1",
      "resolved": "https://registry.npmjs.org/rrweb/-/rrweb-2.1.1.tgz",
      "integrity": "sha512-ToxhJg3SsrAhw+/DPhI/2iiwZQIrGK5BGkZ0kHn4qUExcvQYRaolkciD1FWX2+r6vf1IxFyhsoRY18h3D+XoCg==",
      "license": "MIT",
      "dependencies": {
        "@rrweb/types": "^2.1.1",
        "@rrweb/utils": "^2.1.1",
        "@types/css-font-loading-module": "0.0.7",
        "@xstate/fsm": "^1.4.0",
        "base64-arraybuffer": "^1.0.1",
        "mitt": "^3.0.0",
        "rrdom": "^2.1.1",
        "rrweb-snapshot": "^2.1.1"
      }
    },
    "node_modules/rrweb-player": {
      "version": "2.1.1",
      "resolved": "https://registry.npmjs.org/rrweb-player/-/rrweb-player-2.1.1.tgz",
      "integrity": "sha512-oiAWx/m9Pz0DD5jlJdrF8QlotOZZBK0jINNSYAixxhGa2dI1TrzVVmF4eWFSd6AR8f2zjazKXI/PXCqj3PttXQ==",
      "license": "MIT",
      "dependencies": {
        "@rrweb/packer": "^2.1.1",
        "@rrweb/replay": "^2.1.1",
        "@tsconfig/svelte": "^1.0.0"
      }
    },
    "node_modules/rrweb-snapshot": {
      "version": "2.1.1",
      "resolved": "https://registry.npmjs.org/rrweb-snapshot/-/rrweb-snapshot-2.1.1.tgz",
      "integrity": "sha512-al4Kx7Am7YlIn/5Yb2EMr7cdmjGiK+cLhdilJEXqkFXgpnys8t/yMJumXy2Ormgirpg3MBnFha0GTgny+iIL2w==",
      "license": "MIT",
      "dependencies": {
        "postcss": "^8.4.38"
      }
    },
    "node_modules/source-map-js": {
      "version": "1.2.1",
      "resolved": "https://registry.npmjs.org/source-map-js/-/source-map-js-1.2.1.tgz",
      "integrity": "sha512-UXWMKhLOwVKb728IUtQPXxfYU+usdybtUrK/8uGE8CQMvrhOpwvzDBwj0QhSL7MQc7vIsISBG8VQ8+IDQxpfQA==",
      "license": "BSD-3-Clause",
      "engines": {
        "node": ">=0.10.0"
      }
    }
  }
}
